
Microsoft Visual Studio Solution File, Format Version 12.00
# Visual Studio Version 17
VisualStudioVersion = 17.0.31903.59
MinimumVisualStudioVersion = 10.0.40219.1
Project("{FAE04EC0-301F-11D3-BF4B-00C04F79EFBC}") = "TestImages", "TestImages.csproj", "{1CE4F75E-C967-4016-B46F-84BB1AEAE74B}"
EndProject
Global
	GlobalSection(SolutionConfigurationPlatforms) = preSolution
		Debug|Any CPU = Debug|Any CPU
		Release|Any CPU = Release|Any CPU
	EndGlobalSection
	GlobalSection(ProjectConfigurationPlatforms) = postSolution
		{1CE4F75E-C967-4016-B46F-84BB1AEAE74B}.Debug|Any CPU.ActiveCfg = Debug|Any CPU
		{1CE4F75E-C967-4016-B46F-84BB1AEAE74B}.Debug|Any CPU.Build.0 = Debug|Any CPU
		{1CE4F75E-C967-4016-B46F-84BB1AEAE74B}.Release|Any CPU.ActiveCfg = Release|Any CPU
		{1CE4F75E-C967-4016-B46F-84BB1AEAE74B}.Release|Any CPU.Build.0 = Release|Any CPU
	EndGlobalSection
	GlobalSection(SolutionProperties) = preSolution
		HideSolutionNode = FALSE
	EndGlobalSection
	GlobalSection(ExtensibilityGlobals) = postSolution
		SolutionGuid = {3D1C847F-CDBD-42BE-BB6A-80A1FB83695F}
	EndGlobalSection
EndGlobal
